
Microsoft Visual Studio Solution File, Format Version 12.00
# Visual Studio 15
VisualStudioVersion = 15.0.27130.2010
MinimumVisualStudioVersion = 10.0.40219.1
Project("{FAE04EC0-301F-11D3-BF4B-00C04F79EFBC}") = "Domain", "Domain\Domain.csproj", "{8E1E7462-AFEB-44E5-BAB4-585C63264E7E}"
EndProject
Project("{FAE04EC0-301F-11D3-BF4B-00C04F79EFBC}") = "Data", "Data\Data.csproj", "{EA5644FA-346E-449E-9398-8F3F25279667}"
EndProject
Project("{FAE04EC0-301F-11D3-BF4B-00C04F79EFBC}") = "Application", "Application\Application.csproj", "{8CD20CCF-149C-4B98-ADED-0AA3A9939168}"
EndProject
Project("{FAE04EC0-301F-11D3-BF4B-00C04F79EFBC}") = "LojaWindowsForms", "LojaWindowsForms\LojaWindowsForms.csproj", "{42DDCB36-1882-48B5-A428-181353CF5043}"
EndProject
Project("{FAE04EC0-301F-11D3-BF4B-00C04F79EFBC}") = "MySqlEntityFramework", "MySqlEntityFramework\MySqlEntityFramework.csproj", "{158828A9-4151-4E06-9D9D-14B7E59931DA}"
EndProject
Project("{FAE04EC0-301F-11D3-BF4B-00C04F79EFBC}") = "PostGreSqlEntityFramework", "PostGreSqlEntityFramework\PostGreSqlEntityFramework.csproj", "{D6839F77-5F1F-4106-BBD2-8C42A2CADC24}"
EndProject
Global
	GlobalSection(SolutionConfigurationPlatforms) = preSolution
		Debug|Any CPU = Debug|Any CPU
		Release|Any CPU = Release|Any CPU
	EndGlobalSection
	GlobalSection(ProjectConfigurationPlatforms) = postSolution
		{8E1E7462-AFEB-44E5-BAB4-585C63264E7E}.Debug|Any CPU.ActiveCfg = Debug|Any CPU
		{8E1E7462-AFEB-44E5-BAB4-585C63264E7E}.Debug|Any CPU.Build.0 = Debug|Any CPU
		{8E1E7462-AFEB-44E5-BAB4-585C63264E7E}.Release|Any CPU.ActiveCfg = Release|Any CPU
		{8E1E7462-AFEB-44E5-BAB4-585C63264E7E}.Release|Any CPU.Build.0 = Release|Any CPU
		{EA5644FA-346E-449E-9398-8F3F25279667}.Debug|Any CPU.ActiveCfg = Debug|Any CPU
		{EA5644FA-346E-449E-9398-8F3F25279667}.Debug|Any CPU.Build.0 = Debug|Any CPU
		{EA5644FA-346E-449E-9398-8F3F25279667}.Release|Any CPU.ActiveCfg = Release|Any CPU
		{EA5644FA-346E-449E-9398-8F3F25279667}.Release|Any CPU.Build.0 = Release|Any CPU
		{8CD20CCF-149C-4B98-ADED-0AA3A9939168}.Debug|Any CPU.ActiveCfg = Debug|Any CPU
		{8CD20CCF-149C-4B98-ADED-0AA3A9939168}.Debug|Any CPU.Build.0 = Debug|Any CPU
		{8CD20CCF-149C-4B98-ADED-0AA3A9939168}.Release|Any CPU.ActiveCfg = Release|Any CPU
		{8CD20CCF-149C-4B98-ADED-0AA3A9939168}.Release|Any CPU.Build.0 = Release|Any CPU
		{42DDCB36-1882-48B5-A428-181353CF5043}.Debug|Any CPU.ActiveCfg = Debug|Any CPU
		{42DDCB36-1882-48B5-A428-181353CF5043}.Debug|Any CPU.Build.0 = Debug|Any CPU
		{42DDCB36-1882-48B5-A428-181353CF5043}.Release|Any CPU.ActiveCfg = Release|Any CPU
		{42DDCB36-1882-48B5-A428-181353CF5043}.Release|Any CPU.Build.0 = Release|Any CPU
		{158828A9-4151-4E06-9D9D-14B7E59931DA}.Debug|Any CPU.ActiveCfg = Debug|Any CPU
		{158828A9-4151-4E06-9D9D-14B7E59931DA}.Debug|Any CPU.Build.0 = Debug|Any CPU
		{158828A9-4151-4E06-9D9D-14B7E59931DA}.Release|Any CPU.ActiveCfg = Release|Any CPU
		{158828A9-4151-4E06-9D9D-14B7E59931DA}.Release|Any CPU.Build.0 = Release|Any CPU
		{D6839F77-5F1F-4106-BBD2-8C42A2CADC24}.Debug|Any CPU.ActiveCfg = Debug|Any CPU
		{D6839F77-5F1F-4106-BBD2-8C42A2CADC24}.Debug|Any CPU.Build.0 = Debug|Any CPU
		{D6839F77-5F1F-4106-BBD2-8C42A2CADC24}.Release|Any CPU.ActiveCfg = Release|Any CPU
		{D6839F77-5F1F-4106-BBD2-8C42A2CADC24}.Release|Any CPU.Build.0 = Release|Any CPU
	EndGlobalSection
	GlobalSection(SolutionProperties) = preSolution
		HideSolutionNode = FALSE
	EndGlobalSection
	GlobalSection(ExtensibilityGlobals) = postSolution
		SolutionGuid = {0A2224C0-0381-42C3-A3FA-DA57133EA6DD}
	EndGlobalSection
EndGlobal
